
Microsoft Visual Studio Solution File, Format Version 12.00
# Visual Studio Version 16
VisualStudioVersion = 16.0.30717.126
MinimumVisualStudioVersion = 10.0.40219.1
Project("{9A19103F-16F7-4668-BE54-9A1E7A4F7556}") = "NadrichnaApp", "NadrichnaApp\NadrichnaApp.csproj", "{8DB49036-19AB-432F-98DB-B6DE5572D5C9}"
EndProject
Project("{9A19103F-16F7-4668-BE54-9A1E7A4F7556}") = "NadrichnaCore", "NadrichnaCore\NadrichnaCore.csproj", "{5DB0653D-658C-4612-9BD8-4794D3D11C50}"
EndProject
Project("{9A19103F-16F7-4668-BE54-9A1E7A4F7556}") = "NadrichnaWeb", "NadrichnaWeb\NadrichnaWeb.csproj", "{B8E5081D-4836-4146-90EF-D696B2AED6FB}"
EndProject
Project("{FAE04EC0-301F-11D3-BF4B-00C04F79EFBC}") = "NadrichnaWeb.Tests", "NadrichnaWeb.Tests\NadrichnaWeb.Tests.csproj", "{250E95AB-8248-4B41-ADA4-F9A7C0E0C39A}"
EndProject
Global
	GlobalSection(SolutionConfigurationPlatforms) = preSolution
		Debug|Any CPU = Debug|Any CPU
		Release|Any CPU = Release|Any CPU
	EndGlobalSection
	GlobalSection(ProjectConfigurationPlatforms) = postSolution
		{8DB49036-19AB-432F-98DB-B6DE5572D5C9}.Debug|Any CPU.ActiveCfg = Debug|Any CPU
		{8DB49036-19AB-432F-98DB-B6DE5572D5C9}.Debug|Any CPU.Build.0 = Debug|Any CPU
		{8DB49036-19AB-432F-98DB-B6DE5572D5C9}.Release|Any CPU.ActiveCfg = Release|Any CPU
		{8DB49036-19AB-432F-98DB-B6DE5572D5C9}.Release|Any CPU.Build.0 = Release|Any CPU
		{5DB0653D-658C-4612-9BD8-4794D3D11C50}.Debug|Any CPU.ActiveCfg = Debug|Any CPU
		{5DB0653D-658C-4612-9BD8-4794D3D11C50}.Debug|Any CPU.Build.0 = Debug|Any CPU
		{5DB0653D-658C-4612-9BD8-4794D3D11C50}.Release|Any CPU.ActiveCfg = Release|Any CPU
		{5DB0653D-658C-4612-9BD8-4794D3D11C50}.Release|Any CPU.Build.0 = Release|Any CPU
		{B8E5081D-4836-4146-90EF-D696B2AED6FB}.Debug|Any CPU.ActiveCfg = Debug|Any CPU
		{B8E5081D-4836-4146-90EF-D696B2AED6FB}.Debug|Any CPU.Build.0 = Debug|Any CPU
		{B8E5081D-4836-4146-90EF-D696B2AED6FB}.Release|Any CPU.ActiveCfg = Release|Any CPU
		{B8E5081D-4836-4146-90EF-D696B2AED6FB}.Release|Any CPU.Build.0 = Release|Any CPU
		{250E95AB-8248-4B41-ADA4-F9A7C0E0C39A}.Debug|Any CPU.ActiveCfg = Debug|Any CPU
		{250E95AB-8248-4B41-ADA4-F9A7C0E0C39A}.Debug|Any CPU.Build.0 = Debug|Any CPU
		{250E95AB-8248-4B41-ADA4-F9A7C0E0C39A}.Release|Any CPU.ActiveCfg = Release|Any CPU
		{250E95AB-8248-4B41-ADA4-F9A7C0E0C39A}.Release|Any CPU.Build.0 = Release|Any CPU
	EndGlobalSection
	GlobalSection(SolutionProperties) = preSolution
		HideSolutionNode = FALSE
	EndGlobalSection
	GlobalSection(ExtensibilityGlobals) = postSolution
		SolutionGuid = {DED7AE75-6D2C-4169-9F8B-2289548B50E2}
	EndGlobalSection
EndGlobal
